
Microsoft Visual Studio Solution File, Format Version 12.00
# Visual Studio Version 17
VisualStudioVersion = 17.13.35931.197 d17.13
MinimumVisualStudioVersion = 10.0.40219.1
Project("{FAE04EC0-301F-11D3-BF4B-00C04F79EFBC}") = "ConsoleApp19", "ConsoleApp19\ConsoleApp19.csproj", "{E1318A03-BB96-4FFD-9D8A-6B477886EA21}"
EndProject
Global
	GlobalSection(SolutionConfigurationPlatforms) = preSolution
		Debug|Any CPU = Debug|Any CPU
		Release|Any CPU = Release|Any CPU
	EndGlobalSection
	GlobalSection(ProjectConfigurationPlatforms) = postSolution
		{E1318A03-BB96-4FFD-9D8A-6B477886EA21}.Debug|Any CPU.ActiveCfg = Debug|Any CPU
		{E1318A03-BB96-4FFD-9D8A-6B477886EA21}.Debug|Any CPU.Build.0 = Debug|Any CPU
		{E1318A03-BB96-4FFD-9D8A-6B477886EA21}.Release|Any CPU.ActiveCfg = Release|Any CPU
		{E1318A03-BB96-4FFD-9D8A-6B477886EA21}.Release|Any CPU.Build.0 = Release|Any CPU
	EndGlobalSection
	GlobalSection(SolutionProperties) = preSolution
		HideSolutionNode = FALSE
	EndGlobalSection
	GlobalSection(ExtensibilityGlobals) = postSolution
		SolutionGuid = {C931909F-95A0-4448-8AD3-6FCB7AB870F1}
	EndGlobalSection
EndGlobal
