
Microsoft Visual Studio Solution File, Format Version 12.00
# Visual Studio Version 17
VisualStudioVersion = 17.13.35931.197 d17.13
MinimumVisualStudioVersion = 10.0.40219.1
Project("{FAE04EC0-301F-11D3-BF4B-00C04F79EFBC}") = "ConsoleApp4", "ConsoleApp4\ConsoleApp4.csproj", "{48D6C217-CA24-430F-B307-7C198A7AD408}"
EndProject
Global
	GlobalSection(SolutionConfigurationPlatforms) = preSolution
		Debug|Any CPU = Debug|Any CPU
		Release|Any CPU = Release|Any CPU
	EndGlobalSection
	GlobalSection(ProjectConfigurationPlatforms) = postSolution
		{48D6C217-CA24-430F-B307-7C198A7AD408}.Debug|Any CPU.ActiveCfg = Debug|Any CPU
		{48D6C217-CA24-430F-B307-7C198A7AD408}.Debug|Any CPU.Build.0 = Debug|Any CPU
		{48D6C217-CA24-430F-B307-7C198A7AD408}.Release|Any CPU.ActiveCfg = Release|Any CPU
		{48D6C217-CA24-430F-B307-7C198A7AD408}.Release|Any CPU.Build.0 = Release|Any CPU
	EndGlobalSection
	GlobalSection(SolutionProperties) = preSolution
		HideSolutionNode = FALSE
	EndGlobalSection
	GlobalSection(ExtensibilityGlobals) = postSolution
		SolutionGuid = {2F2DD1A8-BEB3-4DD9-977C-BD2949FED6CD}
	EndGlobalSection
EndGlobal
